
Microsoft Visual Studio Solution File, Format Version 12.00
# Visual Studio Version 17
VisualStudioVersion = 17.4.33213.308
MinimumVisualStudioVersion = 10.0.40219.1
Project("{9A19103F-16F7-4668-BE54-9A1E7A4F7556}") = "Memory Game", "Memory Game\Memory Game.csproj", "{BB7404B4-6A83-4D70-B7B3-E66C9A94EF1D}"
EndProject
Project("{FAE04EC0-301F-11D3-BF4B-00C04F79EFBC}") = "WpfXMLSerialization", "WpfXMLSerialization\WpfXMLSerialization\WpfXMLSerialization.csproj", "{7BAC4DE7-E473-4817-AF1A-84FDDD79120E}"
EndProject
Global
	GlobalSection(SolutionConfigurationPlatforms) = preSolution
		Debug|Any CPU = Debug|Any CPU
		Release|Any CPU = Release|Any CPU
	EndGlobalSection
	GlobalSection(ProjectConfigurationPlatforms) = postSolution
		{BB7404B4-6A83-4D70-B7B3-E66C9A94EF1D}.Debug|Any CPU.ActiveCfg = Debug|Any CPU
		{BB7404B4-6A83-4D70-B7B3-E66C9A94EF1D}.Debug|Any CPU.Build.0 = Debug|Any CPU
		{BB7404B4-6A83-4D70-B7B3-E66C9A94EF1D}.Release|Any CPU.ActiveCfg = Release|Any CPU
		{BB7404B4-6A83-4D70-B7B3-E66C9A94EF1D}.Release|Any CPU.Build.0 = Release|Any CPU
		{7BAC4DE7-E473-4817-AF1A-84FDDD79120E}.Debug|Any CPU.ActiveCfg = Debug|Any CPU
		{7BAC4DE7-E473-4817-AF1A-84FDDD79120E}.Debug|Any CPU.Build.0 = Debug|Any CPU
		{7BAC4DE7-E473-4817-AF1A-84FDDD79120E}.Release|Any CPU.ActiveCfg = Release|Any CPU
		{7BAC4DE7-E473-4817-AF1A-84FDDD79120E}.Release|Any CPU.Build.0 = Release|Any CPU
	EndGlobalSection
	GlobalSection(SolutionProperties) = preSolution
		HideSolutionNode = FALSE
	EndGlobalSection
	GlobalSection(ExtensibilityGlobals) = postSolution
		SolutionGuid = {0A28AE77-36EF-42A1-846A-C398889FCD34}
	EndGlobalSection
EndGlobal
